<?xml version="1.0" encoding="utf-8"?>
<Project ToolsVersion="4.0" xmlns="http://schemas.microsoft.com/developer/msbuild/2003">
  <ItemGroup>
    <Filter Include="Source Files">
      <UniqueIdentifier>{28c9d231-650d-4385-a672-a22b54daaadc}</UniqueIdentifier>
      <Extensions>cpp;c;cxx;rc;def;r;odl;idl;hpj;bat</Extensions>
    </Filter>
    <Filter Include="Header Files">
      <UniqueIdentifier>{d365df61-1dab-4fbc-aaf5-fd7ba6ce20e1}</UniqueIdentifier>
      <Extensions>h;hpp;hxx;hm;inl</Extensions>
    </Filter>
    <Filter Include="Resource Files">
      <UniqueIdentifier>{45912d54-6f53-400b-834d-7a8f19a5758c}</UniqueIdentifier>
      <Extensions>ico;cur;bmp;dlg;rc2;rct;bin;rgs;gif;jpg;jpeg;jpe</Extensions>
    </Filter>
  </ItemGroup>
  <ItemGroup>
    <ClCompile Include="..\..\OpenTest\Camera.cpp">
      <Filter>Source Files</Filter>
    </ClCompile>
    <ClCompile Include="..\..\OpenTest\glprocs.c">
      <Filter>Source Files</Filter>
    </ClCompile>
    <ClCompile Include="..\..\OpenTest\mathlib.cpp">
      <Filter>Source Files</Filter>
    </ClCompile>
    <ClCompile Include="..\..\OpenTest\mathOpts.cpp">
      <Filter>Source Files</Filter>
    </ClCompile>
    <ClCompile Include="..\..\OpenTest\matrix.cpp">
      <Filter>Source Files</Filter>
    </ClCompile>
    <ClCompile Include="..\..\OpenTest\OBJ_Exporter.cpp">
      <Filter>Source Files</Filter>
    </ClCompile>
    <ClCompile Include="..\..\OpenTest\quat.cpp">
      <Filter>Source Files</Filter>
    </ClCompile>
    <ClCompile Include="..\..\OpenTest\Renderer.cpp">
      <Filter>Source Files</Filter>
    </ClCompile>
    <ClCompile Include="..\..\OpenTest\RenderObjs.cpp">
      <Filter>Source Files</Filter>
    </ClCompile>
    <ClCompile Include="..\..\OpenTest\RShadow.cpp">
      <Filter>Source Files</Filter>
    </ClCompile>
    <ClCompile Include="..\..\OpenTest\RVertex.cpp">
      <Filter>Source Files</Filter>
    </ClCompile>
    <ClCompile Include="SH2_Loader.cpp">
      <Filter>Source Files</Filter>
    </ClCompile>
    <ClCompile Include="SH2_Model.cpp">
      <Filter>Source Files</Filter>
    </ClCompile>
    <ClCompile Include="SH3_ArcFilenames.cpp">
      <Filter>Source Files</Filter>
    </ClCompile>
    <ClCompile Include="SH3_Loader.cpp">
      <Filter>Source Files</Filter>
    </ClCompile>
    <ClCompile Include="SH4_Loader.cpp">
      <Filter>Source Files</Filter>
    </ClCompile>
    <ClCompile Include="SH_Collision.cpp">
      <Filter>Source Files</Filter>
    </ClCompile>
    <ClCompile Include="SH_initial_loader.cpp">
      <Filter>Source Files</Filter>
    </ClCompile>
    <ClCompile Include="SH_Model_Anim.cpp">
      <Filter>Source Files</Filter>
    </ClCompile>
    <ClCompile Include="SH_Msg.cpp">
      <Filter>Source Files</Filter>
    </ClCompile>
    <ClCompile Include="..\..\OpenTest\tgaload.cpp">
      <Filter>Source Files</Filter>
    </ClCompile>
    <ClCompile Include="utils.cpp">
      <Filter>Source Files</Filter>
    </ClCompile>
    <ClCompile Include="..\..\OpenTest\vertex.cpp">
      <Filter>Source Files</Filter>
    </ClCompile>
  </ItemGroup>
  <ItemGroup>
    <ClInclude Include="..\..\OpenTest\Camera.h">
      <Filter>Header Files</Filter>
    </ClInclude>
    <ClInclude Include="debugDrawing.h">
      <Filter>Header Files</Filter>
    </ClInclude>
    <ClInclude Include="fontSystem.h">
      <Filter>Header Files</Filter>
    </ClInclude>
    <ClInclude Include="..\..\OpenTest\IBaseTypes.h">
      <Filter>Header Files</Filter>
    </ClInclude>
    <ClInclude Include="..\..\OpenTest\mathlib.h">
      <Filter>Header Files</Filter>
    </ClInclude>
    <ClInclude Include="..\..\OpenTest\mathOpts.h">
      <Filter>Header Files</Filter>
    </ClInclude>
    <ClInclude Include="..\..\OpenTest\matrix.h">
      <Filter>Header Files</Filter>
    </ClInclude>
    <ClInclude Include="..\..\OpenTest\OBJ_Exporter.h">
      <Filter>Header Files</Filter>
    </ClInclude>
    <ClInclude Include="..\..\OpenTest\PerPixelLighting.h">
      <Filter>Header Files</Filter>
    </ClInclude>
    <ClInclude Include="..\..\OpenTest\quat.h">
      <Filter>Header Files</Filter>
    </ClInclude>
    <ClInclude Include="..\..\OpenTest\Renderer.h">
      <Filter>Header Files</Filter>
    </ClInclude>
    <ClInclude Include="..\..\OpenTest\RenderObjs.h">
      <Filter>Header Files</Filter>
    </ClInclude>
    <ClInclude Include="..\..\OpenTest\RVertex.h">
      <Filter>Header Files</Filter>
    </ClInclude>
    <ClInclude Include="SH2_Loader.h">
      <Filter>Header Files</Filter>
    </ClInclude>
    <ClInclude Include="SH2_Model.h">
      <Filter>Header Files</Filter>
    </ClInclude>
    <ClInclude Include="SH3_ArcFilenames.h">
      <Filter>Header Files</Filter>
    </ClInclude>
    <ClInclude Include="SH3_Loader.h">
      <Filter>Header Files</Filter>
    </ClInclude>
    <ClInclude Include="SH3_Mod.h">
      <Filter>Header Files</Filter>
    </ClInclude>
    <ClInclude Include="SH4_Loader.h">
      <Filter>Header Files</Filter>
    </ClInclude>
    <ClInclude Include="SH_Collision.h">
      <Filter>Header Files</Filter>
    </ClInclude>
    <ClInclude Include="SH_Model_Anim.h">
      <Filter>Header Files</Filter>
    </ClInclude>
    <ClInclude Include="SH_Msg.h">
      <Filter>Header Files</Filter>
    </ClInclude>
    <ClInclude Include="..\..\OpenTest\tgaload.h">
      <Filter>Header Files</Filter>
    </ClInclude>
    <ClInclude Include="..\..\OpenTest\typedefs.h">
      <Filter>Header Files</Filter>
    </ClInclude>
    <ClInclude Include="utils.h">
      <Filter>Header Files</Filter>
    </ClInclude>
    <ClInclude Include="..\..\OpenTest\vertex.h">
      <Filter>Header Files</Filter>
    </ClInclude>
    <ClInclude Include="winutil.h">
      <Filter>Header Files</Filter>
    </ClInclude>
  </ItemGroup>
  <ItemGroup>
    <CustomBuild Include="fontTest.bmp">
      <Filter>Resource Files</Filter>
    </CustomBuild>
    <CustomBuild Include="ReadMe.txt" />
  </ItemGroup>
</Project>