<?xml version="1.0" encoding="utf-8"?>
<Project ToolsVersion="4.0" xmlns="http://schemas.microsoft.com/developer/msbuild/2003">
  <ItemGroup>
    <Filter Include="Source Files">
      <UniqueIdentifier>{28c9d231-650d-4385-a672-a22b54daaadc}</UniqueIdentifier>
      <Extensions>cpp;c;cxx;rc;def;r;odl;idl;hpj;bat</Extensions>
    </Filter>
    <Filter Include="Header Files">
      <UniqueIdentifier>{d365df61-1dab-4fbc-aaf5-fd7ba6ce20e1}</UniqueIdentifier>
      <Extensions>h;hpp;hxx;hm;inl</Extensions>
    </Filter>
    <Filter Include="Resource Files">
      <UniqueIdentifier>{45912d54-6f53-400b-834d-7a8f19a5758c}</UniqueIdentifier>
      <Extensions>ico;cur;bmp;dlg;rc2;rct;bin;rgs;gif;jpg;jpeg;jpe</Extensions>
    </Filter>
  </ItemGroup>
  <ItemGroup>
    <ClCompile Include=".\Camera.cpp">
      <Filter>Source Files</Filter>
    </ClCompile>
    <ClCompile Include=".\glprocs.c">
      <Filter>Source Files</Filter>
    </ClCompile>
    <ClCompile Include=".\mathlib.cpp">
      <Filter>Source Files</Filter>
    </ClCompile>
    <ClCompile Include=".\mathOpts.cpp">
      <Filter>Source Files</Filter>
    </ClCompile>
    <ClCompile Include=".\matrix.cpp">
      <Filter>Source Files</Filter>
    </ClCompile>
    <ClCompile Include=".\OBJ_Exporter.cpp">
      <Filter>Source Files</Filter>
    </ClCompile>
    <ClCompile Include=".\quat.cpp">
      <Filter>Source Files</Filter>
    </ClCompile>
    <ClCompile Include=".\Renderer.cpp">
      <Filter>Source Files</Filter>
    </ClCompile>
    <ClCompile Include=".\RenderObjs.cpp">
      <Filter>Source Files</Filter>
    </ClCompile>
    <ClCompile Include=".\RShadow.cpp">
      <Filter>Source Files</Filter>
    </ClCompile>
    <ClCompile Include=".\RVertex.cpp">
      <Filter>Source Files</Filter>
    </ClCompile>
    <ClCompile Include="SH2_Loader.cpp">
      <Filter>Source Files</Filter>
    </ClCompile>
    <ClCompile Include="SH2_Model.cpp">
      <Filter>Source Files</Filter>
    </ClCompile>
    <ClCompile Include="SH3_ArcFilenames.cpp">
      <Filter>Source Files</Filter>
    </ClCompile>
    <ClCompile Include="SH3_Loader.cpp">
      <Filter>Source Files</Filter>
    </ClCompile>
    <ClCompile Include="SH4_Loader.cpp">
      <Filter>Source Files</Filter>
    </ClCompile>
    <ClCompile Include="SH_Collision.cpp">
      <Filter>Source Files</Filter>
    </ClCompile>
    <ClCompile Include="SH_initial_loader.cpp">
      <Filter>Source Files</Filter>
    </ClCompile>
    <ClCompile Include="SH_Model_Anim.cpp">
      <Filter>Source Files</Filter>
    </ClCompile>
    <ClCompile Include="SH_Msg.cpp">
      <Filter>Source Files</Filter>
    </ClCompile>
    <ClCompile Include=".\tgaload.cpp">
      <Filter>Source Files</Filter>
    </ClCompile>
    <ClCompile Include="utils.cpp">
      <Filter>Source Files</Filter>
    </ClCompile>
    <ClCompile Include=".\vertex.cpp">
      <Filter>Source Files</Filter>
    </ClCompile>
  </ItemGroup>
  <ItemGroup>
    <ClInclude Include=".\Camera.h">
      <Filter>Header Files</Filter>
    </ClInclude>
    <ClInclude Include="debugDrawing.h">
      <Filter>Header Files</Filter>
    </ClInclude>
    <ClInclude Include="fontSystem.h">
      <Filter>Header Files</Filter>
    </ClInclude>
    <ClInclude Include=".\IBaseTypes.h">
      <Filter>Header Files</Filter>
    </ClInclude>
    <ClInclude Include=".\mathlib.h">
      <Filter>Header Files</Filter>
    </ClInclude>
    <ClInclude Include=".\mathOpts.h">
      <Filter>Header Files</Filter>
    </ClInclude>
    <ClInclude Include=".\matrix.h">
      <Filter>Header Files</Filter>
    </ClInclude>
    <ClInclude Include=".\OBJ_Exporter.h">
      <Filter>Header Files</Filter>
    </ClInclude>
    <ClInclude Include=".\PerPixelLighting.h">
      <Filter>Header Files</Filter>
    </ClInclude>
    <ClInclude Include=".\quat.h">
      <Filter>Header Files</Filter>
    </ClInclude>
    <ClInclude Include=".\Renderer.h">
      <Filter>Header Files</Filter>
    </ClInclude>
    <ClInclude Include=".\RenderObjs.h">
      <Filter>Header Files</Filter>
    </ClInclude>
    <ClInclude Include=".\RVertex.h">
      <Filter>Header Files</Filter>
    </ClInclude>
    <ClInclude Include="SH2_Loader.h">
      <Filter>Header Files</Filter>
    </ClInclude>
    <ClInclude Include="SH2_Model.h">
      <Filter>Header Files</Filter>
    </ClInclude>
    <ClInclude Include="SH3_ArcFilenames.h">
      <Filter>Header Files</Filter>
    </ClInclude>
    <ClInclude Include="SH3_Loader.h">
      <Filter>Header Files</Filter>
    </ClInclude>
    <ClInclude Include="SH3_Mod.h">
      <Filter>Header Files</Filter>
    </ClInclude>
    <ClInclude Include="SH4_Loader.h">
      <Filter>Header Files</Filter>
    </ClInclude>
    <ClInclude Include="SH_Collision.h">
      <Filter>Header Files</Filter>
    </ClInclude>
    <ClInclude Include="SH_Model_Anim.h">
      <Filter>Header Files</Filter>
    </ClInclude>
    <ClInclude Include="SH_Msg.h">
      <Filter>Header Files</Filter>
    </ClInclude>
    <ClInclude Include=".\tgaload.h">
      <Filter>Header Files</Filter>
    </ClInclude>
    <ClInclude Include=".\typedefs.h">
      <Filter>Header Files</Filter>
    </ClInclude>
    <ClInclude Include="utils.h">
      <Filter>Header Files</Filter>
    </ClInclude>
    <ClInclude Include=".\vertex.h">
      <Filter>Header Files</Filter>
    </ClInclude>
    <ClInclude Include="winutil.h">
      <Filter>Header Files</Filter>
    </ClInclude>
  </ItemGroup>
  <ItemGroup>
    <CustomBuild Include="fontTest.bmp">
      <Filter>Resource Files</Filter>
    </CustomBuild>
    <CustomBuild Include="ReadMe.txt" />
  </ItemGroup>
</Project>


